
Microsoft Visual Studio Solution File, Format Version 12.00
# Visual Studio 15
VisualStudioVersion = 15.0.26228.9
MinimumVisualStudioVersion = 10.0.40219.1
Project("{FAE04EC0-301F-11D3-BF4B-00C04F79EFBC}") = "FlorytService", "FlorytService\FlorytService.csproj", "{484CDB22-5081-4523-B043-A280790AAC99}"
EndProject
Project("{FAE04EC0-301F-11D3-BF4B-00C04F79EFBC}") = "ProcessUtil", "ProcessUtil\ProcessUtil.csproj", "{AADDA954-9627-4BC8-BB7C-86EEE124BE7F}"
EndProject
Project("{FAE04EC0-301F-11D3-BF4B-00C04F79EFBC}") = "Executioner", "Executioner\Executioner.csproj", "{5B1300FE-102F-4C18-9907-6D0E307A918C}"
EndProject
Global
	GlobalSection(SolutionConfigurationPlatforms) = preSolution
		Debug|Any CPU = Debug|Any CPU
		Release|Any CPU = Release|Any CPU
	EndGlobalSection
	GlobalSection(ProjectConfigurationPlatforms) = postSolution
		{484CDB22-5081-4523-B043-A280790AAC99}.Debug|Any CPU.ActiveCfg = Debug|Any CPU
		{484CDB22-5081-4523-B043-A280790AAC99}.Debug|Any CPU.Build.0 = Debug|Any CPU
		{484CDB22-5081-4523-B043-A280790AAC99}.Release|Any CPU.ActiveCfg = Release|Any CPU
		{484CDB22-5081-4523-B043-A280790AAC99}.Release|Any CPU.Build.0 = Release|Any CPU
		{AADDA954-9627-4BC8-BB7C-86EEE124BE7F}.Debug|Any CPU.ActiveCfg = Debug|Any CPU
		{AADDA954-9627-4BC8-BB7C-86EEE124BE7F}.Debug|Any CPU.Build.0 = Debug|Any CPU
		{AADDA954-9627-4BC8-BB7C-86EEE124BE7F}.Release|Any CPU.ActiveCfg = Release|Any CPU
		{AADDA954-9627-4BC8-BB7C-86EEE124BE7F}.Release|Any CPU.Build.0 = Release|Any CPU
		{5B1300FE-102F-4C18-9907-6D0E307A918C}.Debug|Any CPU.ActiveCfg = Debug|Any CPU
		{5B1300FE-102F-4C18-9907-6D0E307A918C}.Debug|Any CPU.Build.0 = Debug|Any CPU
		{5B1300FE-102F-4C18-9907-6D0E307A918C}.Release|Any CPU.ActiveCfg = Release|Any CPU
		{5B1300FE-102F-4C18-9907-6D0E307A918C}.Release|Any CPU.Build.0 = Release|Any CPU
	EndGlobalSection
	GlobalSection(SolutionProperties) = preSolution
		HideSolutionNode = FALSE
	EndGlobalSection
EndGlobal
